
Microsoft Visual Studio Solution File, Format Version 12.00
# Visual Studio Version 17
VisualStudioVersion = 17.5.33424.131
MinimumVisualStudioVersion = 10.0.40219.1
Project("{FAE04EC0-301F-11D3-BF4B-00C04F79EFBC}") = "Projeto_teste", "Projeto_teste\Projeto_teste.csproj", "{1E6585A2-5B96-487C-8159-8BC20A701B15}"
EndProject
Project("{FAE04EC0-301F-11D3-BF4B-00C04F79EFBC}") = "TesteMSteste", "TesteMSteste\TesteMSteste.csproj", "{6E77C81A-DBA8-4898-9B3B-FD8F407579AC}"
EndProject
Global
	GlobalSection(SolutionConfigurationPlatforms) = preSolution
		Debug|Any CPU = Debug|Any CPU
		Release|Any CPU = Release|Any CPU
	EndGlobalSection
	GlobalSection(ProjectConfigurationPlatforms) = postSolution
		{1E6585A2-5B96-487C-8159-8BC20A701B15}.Debug|Any CPU.ActiveCfg = Debug|Any CPU
		{1E6585A2-5B96-487C-8159-8BC20A701B15}.Debug|Any CPU.Build.0 = Debug|Any CPU
		{1E6585A2-5B96-487C-8159-8BC20A701B15}.Release|Any CPU.ActiveCfg = Release|Any CPU
		{1E6585A2-5B96-487C-8159-8BC20A701B15}.Release|Any CPU.Build.0 = Release|Any CPU
		{6E77C81A-DBA8-4898-9B3B-FD8F407579AC}.Debug|Any CPU.ActiveCfg = Debug|Any CPU
		{6E77C81A-DBA8-4898-9B3B-FD8F407579AC}.Debug|Any CPU.Build.0 = Debug|Any CPU
		{6E77C81A-DBA8-4898-9B3B-FD8F407579AC}.Release|Any CPU.ActiveCfg = Release|Any CPU
		{6E77C81A-DBA8-4898-9B3B-FD8F407579AC}.Release|Any CPU.Build.0 = Release|Any CPU
	EndGlobalSection
	GlobalSection(SolutionProperties) = preSolution
		HideSolutionNode = FALSE
	EndGlobalSection
	GlobalSection(ExtensibilityGlobals) = postSolution
		SolutionGuid = {7BC737FC-B09C-4F10-AE6E-5001D3F26C87}
	EndGlobalSection
EndGlobal
